
Microsoft Visual Studio Solution File, Format Version 12.00
# Visual Studio Version 16
VisualStudioVersion = 16.0.31205.134
MinimumVisualStudioVersion = 10.0.40219.1
Project("{FAE04EC0-301F-11D3-BF4B-00C04F79EFBC}") = "E_Tour", "E_Tour\E_Tour.csproj", "{B5DA8245-B14C-4526-9035-52F4459F5549}"
EndProject
Global
	GlobalSection(SolutionConfigurationPlatforms) = preSolution
		Debug|Any CPU = Debug|Any CPU
		Release|Any CPU = Release|Any CPU
	EndGlobalSection
	GlobalSection(ProjectConfigurationPlatforms) = postSolution
		{B5DA8245-B14C-4526-9035-52F4459F5549}.Debug|Any CPU.ActiveCfg = Debug|Any CPU
		{B5DA8245-B14C-4526-9035-52F4459F5549}.Debug|Any CPU.Build.0 = Debug|Any CPU
		{B5DA8245-B14C-4526-9035-52F4459F5549}.Release|Any CPU.ActiveCfg = Release|Any CPU
		{B5DA8245-B14C-4526-9035-52F4459F5549}.Release|Any CPU.Build.0 = Release|Any CPU
	EndGlobalSection
	GlobalSection(SolutionProperties) = preSolution
		HideSolutionNode = FALSE
	EndGlobalSection
	GlobalSection(ExtensibilityGlobals) = postSolution
		SolutionGuid = {3ACAB642-0E82-4A51-BE9F-331AF6A7CF53}
	EndGlobalSection
EndGlobal
